Microsoft Visual Studio Solution File, Format Version 12.00
# Visual Studio 2012
Project("{FAE04EC0-301F-11D3-BF4B-00C04F79EFBC}") = "lofi-beats-to-type-to", "lofi-beats-to-type-to.csproj", "{0286C316-9031-49F3-BC06-1131C2C2415E}"
EndProject
Global
	GlobalSection(SolutionConfigurationPlatforms) = preSolution
	Debug|Any CPU = Debug|Any CPU
	ExportDebug|Any CPU = ExportDebug|Any CPU
	ExportRelease|Any CPU = ExportRelease|Any CPU
	EndGlobalSection
	GlobalSection(ProjectConfigurationPlatforms) = postSolution
		{0286C316-9031-49F3-BC06-1131C2C2415E}.Debug|Any CPU.ActiveCfg = Debug|Any CPU
		{0286C316-9031-49F3-BC06-1131C2C2415E}.Debug|Any CPU.Build.0 = Debug|Any CPU
		{0286C316-9031-49F3-BC06-1131C2C2415E}.ExportDebug|Any CPU.ActiveCfg = ExportDebug|Any CPU
		{0286C316-9031-49F3-BC06-1131C2C2415E}.ExportDebug|Any CPU.Build.0 = ExportDebug|Any CPU
		{0286C316-9031-49F3-BC06-1131C2C2415E}.ExportRelease|Any CPU.ActiveCfg = ExportRelease|Any CPU
		{0286C316-9031-49F3-BC06-1131C2C2415E}.ExportRelease|Any CPU.Build.0 = ExportRelease|Any CPU
	EndGlobalSection
EndGlobal
